
Microsoft Visual Studio Solution File, Format Version 12.00
# Visual Studio Version 17
VisualStudioVersion = 17.2.32602.215
MinimumVisualStudioVersion = 10.0.40219.1
Project("{FAE04EC0-301F-11D3-BF4B-00C04F79EFBC}") = "154", "154\154.csproj", "{4C30959B-4044-42F7-8003-58DF2283A397}"
EndProject
Global
	GlobalSection(SolutionConfigurationPlatforms) = preSolution
		Debug|Any CPU = Debug|Any CPU
		Release|Any CPU = Release|Any CPU
	EndGlobalSection
	GlobalSection(ProjectConfigurationPlatforms) = postSolution
		{4C30959B-4044-42F7-8003-58DF2283A397}.Debug|Any CPU.ActiveCfg = Debug|Any CPU
		{4C30959B-4044-42F7-8003-58DF2283A397}.Debug|Any CPU.Build.0 = Debug|Any CPU
		{4C30959B-4044-42F7-8003-58DF2283A397}.Release|Any CPU.ActiveCfg = Release|Any CPU
		{4C30959B-4044-42F7-8003-58DF2283A397}.Release|Any CPU.Build.0 = Release|Any CPU
	EndGlobalSection
	GlobalSection(SolutionProperties) = preSolution
		HideSolutionNode = FALSE
	EndGlobalSection
	GlobalSection(ExtensibilityGlobals) = postSolution
		SolutionGuid = {39B9D9B4-4807-478F-A40D-5408EDC5E2AD}
	EndGlobalSection
EndGlobal
