
Microsoft Visual Studio Solution File, Format Version 12.00
# Visual Studio Version 17
VisualStudioVersion = 17.2.32602.215
MinimumVisualStudioVersion = 10.0.40219.1
Project("{FAE04EC0-301F-11D3-BF4B-00C04F79EFBC}") = "160", "160\160.csproj", "{680B10C6-AE26-4E41-AC8C-0CA00BB0B844}"
EndProject
Global
	GlobalSection(SolutionConfigurationPlatforms) = preSolution
		Debug|Any CPU = Debug|Any CPU
		Release|Any CPU = Release|Any CPU
	EndGlobalSection
	GlobalSection(ProjectConfigurationPlatforms) = postSolution
		{680B10C6-AE26-4E41-AC8C-0CA00BB0B844}.Debug|Any CPU.ActiveCfg = Debug|Any CPU
		{680B10C6-AE26-4E41-AC8C-0CA00BB0B844}.Debug|Any CPU.Build.0 = Debug|Any CPU
		{680B10C6-AE26-4E41-AC8C-0CA00BB0B844}.Release|Any CPU.ActiveCfg = Release|Any CPU
		{680B10C6-AE26-4E41-AC8C-0CA00BB0B844}.Release|Any CPU.Build.0 = Release|Any CPU
	EndGlobalSection
	GlobalSection(SolutionProperties) = preSolution
		HideSolutionNode = FALSE
	EndGlobalSection
	GlobalSection(ExtensibilityGlobals) = postSolution
		SolutionGuid = {F35C6D53-A626-4036-87F2-E9193CE2BC35}
	EndGlobalSection
EndGlobal
