
Microsoft Visual Studio Solution File, Format Version 12.00
# Visual Studio Version 17
VisualStudioVersion = 17.2.32602.215
MinimumVisualStudioVersion = 10.0.40219.1
Project("{FAE04EC0-301F-11D3-BF4B-00C04F79EFBC}") = "161", "161\161.csproj", "{197B1B9E-D3CA-40FD-BF69-CE7829E58458}"
EndProject
Global
	GlobalSection(SolutionConfigurationPlatforms) = preSolution
		Debug|Any CPU = Debug|Any CPU
		Release|Any CPU = Release|Any CPU
	EndGlobalSection
	GlobalSection(ProjectConfigurationPlatforms) = postSolution
		{197B1B9E-D3CA-40FD-BF69-CE7829E58458}.Debug|Any CPU.ActiveCfg = Debug|Any CPU
		{197B1B9E-D3CA-40FD-BF69-CE7829E58458}.Debug|Any CPU.Build.0 = Debug|Any CPU
		{197B1B9E-D3CA-40FD-BF69-CE7829E58458}.Release|Any CPU.ActiveCfg = Release|Any CPU
		{197B1B9E-D3CA-40FD-BF69-CE7829E58458}.Release|Any CPU.Build.0 = Release|Any CPU
	EndGlobalSection
	GlobalSection(SolutionProperties) = preSolution
		HideSolutionNode = FALSE
	EndGlobalSection
	GlobalSection(ExtensibilityGlobals) = postSolution
		SolutionGuid = {6E28978E-D4AD-40CA-A9BD-464FF00D651D}
	EndGlobalSection
EndGlobal
