
Microsoft Visual Studio Solution File, Format Version 12.00
# Visual Studio Version 17
VisualStudioVersion = 17.2.32602.215
MinimumVisualStudioVersion = 10.0.40219.1
Project("{FAE04EC0-301F-11D3-BF4B-00C04F79EFBC}") = "146", "146\146.csproj", "{05E1628D-02AA-41E6-91EF-12DC18A77FC4}"
EndProject
Global
	GlobalSection(SolutionConfigurationPlatforms) = preSolution
		Debug|Any CPU = Debug|Any CPU
		Release|Any CPU = Release|Any CPU
	EndGlobalSection
	GlobalSection(ProjectConfigurationPlatforms) = postSolution
		{05E1628D-02AA-41E6-91EF-12DC18A77FC4}.Debug|Any CPU.ActiveCfg = Debug|Any CPU
		{05E1628D-02AA-41E6-91EF-12DC18A77FC4}.Debug|Any CPU.Build.0 = Debug|Any CPU
		{05E1628D-02AA-41E6-91EF-12DC18A77FC4}.Release|Any CPU.ActiveCfg = Release|Any CPU
		{05E1628D-02AA-41E6-91EF-12DC18A77FC4}.Release|Any CPU.Build.0 = Release|Any CPU
	EndGlobalSection
	GlobalSection(SolutionProperties) = preSolution
		HideSolutionNode = FALSE
	EndGlobalSection
	GlobalSection(ExtensibilityGlobals) = postSolution
		SolutionGuid = {C143EF2A-2AE1-4A10-B319-1D91DA778AE0}
	EndGlobalSection
EndGlobal
